
Microsoft Visual Studio Solution File, Format Version 12.00
# Visual Studio Version 17
VisualStudioVersion = 17.7.34024.191
MinimumVisualStudioVersion = 10.0.40219.1
Project("{8BC9CEB8-8B4A-11D0-8D11-00A0C91BC942}") = "Dopi16", "Dopi16\Dopi16.vcxproj", "{69C46E18-B503-4D5D-BC96-BD0480199E5E}"
EndProject
Project("{8BC9CEB8-8B4A-11D0-8D11-00A0C91BC942}") = "Dopi16-6-2", "Dopi16-6-2\Dopi16-6-2.vcxproj", "{7C925C5F-A315-4B9D-BA19-88AAF0806DA1}"
EndProject
Project("{8BC9CEB8-8B4A-11D0-8D11-00A0C91BC942}") = "dopi16-3-1", "dopi16-3-1\dopi16-3-1.vcxproj", "{391C7320-E92C-41FD-81CD-F83C757C2D12}"
EndProject
Project("{8BC9CEB8-8B4A-11D0-8D11-00A0C91BC942}") = "Dopi16-3-2", "Dopi16-3-2\Dopi16-3-2.vcxproj", "{8498F54F-E326-4E03-8F90-E6AA2139DA60}"
EndProject
Global
	GlobalSection(SolutionConfigurationPlatforms) = preSolution
		Debug|x64 = Debug|x64
		Debug|x86 = Debug|x86
		Release|x64 = Release|x64
		Release|x86 = Release|x86
	EndGlobalSection
	GlobalSection(ProjectConfigurationPlatforms) = postSolution
		{69C46E18-B503-4D5D-BC96-BD0480199E5E}.Debug|x64.ActiveCfg = Debug|x64
		{69C46E18-B503-4D5D-BC96-BD0480199E5E}.Debug|x64.Build.0 = Debug|x64
		{69C46E18-B503-4D5D-BC96-BD0480199E5E}.Debug|x86.ActiveCfg = Debug|Win32
		{69C46E18-B503-4D5D-BC96-BD0480199E5E}.Debug|x86.Build.0 = Debug|Win32
		{69C46E18-B503-4D5D-BC96-BD0480199E5E}.Release|x64.ActiveCfg = Release|x64
		{69C46E18-B503-4D5D-BC96-BD0480199E5E}.Release|x64.Build.0 = Release|x64
		{69C46E18-B503-4D5D-BC96-BD0480199E5E}.Release|x86.ActiveCfg = Release|Win32
		{69C46E18-B503-4D5D-BC96-BD0480199E5E}.Release|x86.Build.0 = Release|Win32
		{7C925C5F-A315-4B9D-BA19-88AAF0806DA1}.Debug|x64.ActiveCfg = Debug|x64
		{7C925C5F-A315-4B9D-BA19-88AAF0806DA1}.Debug|x64.Build.0 = Debug|x64
		{7C925C5F-A315-4B9D-BA19-88AAF0806DA1}.Debug|x86.ActiveCfg = Debug|Win32
		{7C925C5F-A315-4B9D-BA19-88AAF0806DA1}.Debug|x86.Build.0 = Debug|Win32
		{7C925C5F-A315-4B9D-BA19-88AAF0806DA1}.Release|x64.ActiveCfg = Release|x64
		{7C925C5F-A315-4B9D-BA19-88AAF0806DA1}.Release|x64.Build.0 = Release|x64
		{7C925C5F-A315-4B9D-BA19-88AAF0806DA1}.Release|x86.ActiveCfg = Release|Win32
		{7C925C5F-A315-4B9D-BA19-88AAF0806DA1}.Release|x86.Build.0 = Release|Win32
		{391C7320-E92C-41FD-81CD-F83C757C2D12}.Debug|x64.ActiveCfg = Debug|x64
		{391C7320-E92C-41FD-81CD-F83C757C2D12}.Debug|x64.Build.0 = Debug|x64
		{391C7320-E92C-41FD-81CD-F83C757C2D12}.Debug|x86.ActiveCfg = Debug|Win32
		{391C7320-E92C-41FD-81CD-F83C757C2D12}.Debug|x86.Build.0 = Debug|Win32
		{391C7320-E92C-41FD-81CD-F83C757C2D12}.Release|x64.ActiveCfg = Release|x64
		{391C7320-E92C-41FD-81CD-F83C757C2D12}.Release|x64.Build.0 = Release|x64
		{391C7320-E92C-41FD-81CD-F83C757C2D12}.Release|x86.ActiveCfg = Release|Win32
		{391C7320-E92C-41FD-81CD-F83C757C2D12}.Release|x86.Build.0 = Release|Win32
		{8498F54F-E326-4E03-8F90-E6AA2139DA60}.Debug|x64.ActiveCfg = Debug|x64
		{8498F54F-E326-4E03-8F90-E6AA2139DA60}.Debug|x64.Build.0 = Debug|x64
		{8498F54F-E326-4E03-8F90-E6AA2139DA60}.Debug|x86.ActiveCfg = Debug|Win32
		{8498F54F-E326-4E03-8F90-E6AA2139DA60}.Debug|x86.Build.0 = Debug|Win32
		{8498F54F-E326-4E03-8F90-E6AA2139DA60}.Release|x64.ActiveCfg = Release|x64
		{8498F54F-E326-4E03-8F90-E6AA2139DA60}.Release|x64.Build.0 = Release|x64
		{8498F54F-E326-4E03-8F90-E6AA2139DA60}.Release|x86.ActiveCfg = Release|Win32
		{8498F54F-E326-4E03-8F90-E6AA2139DA60}.Release|x86.Build.0 = Release|Win32
	EndGlobalSection
	GlobalSection(SolutionProperties) = preSolution
		HideSolutionNode = FALSE
	EndGlobalSection
	GlobalSection(ExtensibilityGlobals) = postSolution
		SolutionGuid = {76F5BCAF-9AB7-4554-8533-5170E50E4259}
	EndGlobalSection
EndGlobal
