
Microsoft Visual Studio Solution File, Format Version 12.00
# Visual Studio Version 17
VisualStudioVersion = 17.7.34024.191
MinimumVisualStudioVersion = 10.0.40219.1
Project("{8BC9CEB8-8B4A-11D0-8D11-00A0C91BC942}") = "labaa2-1", "labaa2-1\labaa2-1.vcxproj", "{143494F6-02B5-46A6-B03C-20696302063D}"
EndProject
Project("{8BC9CEB8-8B4A-11D0-8D11-00A0C91BC942}") = "labaa2-11", "labaa2-11\labaa2-11.vcxproj", "{B867BBE0-C76C-45D5-8A56-49A15FCE7BE2}"
EndProject
Project("{8BC9CEB8-8B4A-11D0-8D11-00A0C91BC942}") = "laba2-4", "laba2-4\laba2-4.vcxproj", "{0075E716-158D-48D1-BBEE-F825353011A5}"
EndProject
Project("{8BC9CEB8-8B4A-11D0-8D11-00A0C91BC942}") = "labaa2-8", "labaa2-8\labaa2-8.vcxproj", "{78E5F11E-5A9F-4593-9918-8530043DBBE6}"
EndProject
Project("{8BC9CEB8-8B4A-11D0-8D11-00A0C91BC942}") = "labaa2-6", "labaa2-6\labaa2-6.vcxproj", "{C84E687E-D47B-4615-BB07-68BC484CB2F4}"
EndProject
Project("{8BC9CEB8-8B4A-11D0-8D11-00A0C91BC942}") = "laba2-9", "laba2-9\laba2-9.vcxproj", "{D4423C61-1DD6-4B7E-9BEC-2823C61553C1}"
EndProject
Global
	GlobalSection(SolutionConfigurationPlatforms) = preSolution
		Debug|x64 = Debug|x64
		Debug|x86 = Debug|x86
		Release|x64 = Release|x64
		Release|x86 = Release|x86
	EndGlobalSection
	GlobalSection(ProjectConfigurationPlatforms) = postSolution
		{143494F6-02B5-46A6-B03C-20696302063D}.Debug|x64.ActiveCfg = Debug|x64
		{143494F6-02B5-46A6-B03C-20696302063D}.Debug|x64.Build.0 = Debug|x64
		{143494F6-02B5-46A6-B03C-20696302063D}.Debug|x86.ActiveCfg = Debug|Win32
		{143494F6-02B5-46A6-B03C-20696302063D}.Debug|x86.Build.0 = Debug|Win32
		{143494F6-02B5-46A6-B03C-20696302063D}.Release|x64.ActiveCfg = Release|x64
		{143494F6-02B5-46A6-B03C-20696302063D}.Release|x64.Build.0 = Release|x64
		{143494F6-02B5-46A6-B03C-20696302063D}.Release|x86.ActiveCfg = Release|Win32
		{143494F6-02B5-46A6-B03C-20696302063D}.Release|x86.Build.0 = Release|Win32
		{B867BBE0-C76C-45D5-8A56-49A15FCE7BE2}.Debug|x64.ActiveCfg = Debug|x64
		{B867BBE0-C76C-45D5-8A56-49A15FCE7BE2}.Debug|x64.Build.0 = Debug|x64
		{B867BBE0-C76C-45D5-8A56-49A15FCE7BE2}.Debug|x86.ActiveCfg = Debug|Win32
		{B867BBE0-C76C-45D5-8A56-49A15FCE7BE2}.Debug|x86.Build.0 = Debug|Win32
		{B867BBE0-C76C-45D5-8A56-49A15FCE7BE2}.Release|x64.ActiveCfg = Release|x64
		{B867BBE0-C76C-45D5-8A56-49A15FCE7BE2}.Release|x64.Build.0 = Release|x64
		{B867BBE0-C76C-45D5-8A56-49A15FCE7BE2}.Release|x86.ActiveCfg = Release|Win32
		{B867BBE0-C76C-45D5-8A56-49A15FCE7BE2}.Release|x86.Build.0 = Release|Win32
		{0075E716-158D-48D1-BBEE-F825353011A5}.Debug|x64.ActiveCfg = Debug|x64
		{0075E716-158D-48D1-BBEE-F825353011A5}.Debug|x64.Build.0 = Debug|x64
		{0075E716-158D-48D1-BBEE-F825353011A5}.Debug|x86.ActiveCfg = Debug|Win32
		{0075E716-158D-48D1-BBEE-F825353011A5}.Debug|x86.Build.0 = Debug|Win32
		{0075E716-158D-48D1-BBEE-F825353011A5}.Release|x64.ActiveCfg = Release|x64
		{0075E716-158D-48D1-BBEE-F825353011A5}.Release|x64.Build.0 = Release|x64
		{0075E716-158D-48D1-BBEE-F825353011A5}.Release|x86.ActiveCfg = Release|Win32
		{0075E716-158D-48D1-BBEE-F825353011A5}.Release|x86.Build.0 = Release|Win32
		{78E5F11E-5A9F-4593-9918-8530043DBBE6}.Debug|x64.ActiveCfg = Debug|x64
		{78E5F11E-5A9F-4593-9918-8530043DBBE6}.Debug|x64.Build.0 = Debug|x64
		{78E5F11E-5A9F-4593-9918-8530043DBBE6}.Debug|x86.ActiveCfg = Debug|Win32
		{78E5F11E-5A9F-4593-9918-8530043DBBE6}.Debug|x86.Build.0 = Debug|Win32
		{78E5F11E-5A9F-4593-9918-8530043DBBE6}.Release|x64.ActiveCfg = Release|x64
		{78E5F11E-5A9F-4593-9918-8530043DBBE6}.Release|x64.Build.0 = Release|x64
		{78E5F11E-5A9F-4593-9918-8530043DBBE6}.Release|x86.ActiveCfg = Release|Win32
		{78E5F11E-5A9F-4593-9918-8530043DBBE6}.Release|x86.Build.0 = Release|Win32
		{C84E687E-D47B-4615-BB07-68BC484CB2F4}.Debug|x64.ActiveCfg = Debug|x64
		{C84E687E-D47B-4615-BB07-68BC484CB2F4}.Debug|x64.Build.0 = Debug|x64
		{C84E687E-D47B-4615-BB07-68BC484CB2F4}.Debug|x86.ActiveCfg = Debug|Win32
		{C84E687E-D47B-4615-BB07-68BC484CB2F4}.Debug|x86.Build.0 = Debug|Win32
		{C84E687E-D47B-4615-BB07-68BC484CB2F4}.Release|x64.ActiveCfg = Release|x64
		{C84E687E-D47B-4615-BB07-68BC484CB2F4}.Release|x64.Build.0 = Release|x64
		{C84E687E-D47B-4615-BB07-68BC484CB2F4}.Release|x86.ActiveCfg = Release|Win32
		{C84E687E-D47B-4615-BB07-68BC484CB2F4}.Release|x86.Build.0 = Release|Win32
		{D4423C61-1DD6-4B7E-9BEC-2823C61553C1}.Debug|x64.ActiveCfg = Debug|x64
		{D4423C61-1DD6-4B7E-9BEC-2823C61553C1}.Debug|x64.Build.0 = Debug|x64
		{D4423C61-1DD6-4B7E-9BEC-2823C61553C1}.Debug|x86.ActiveCfg = Debug|Win32
		{D4423C61-1DD6-4B7E-9BEC-2823C61553C1}.Debug|x86.Build.0 = Debug|Win32
		{D4423C61-1DD6-4B7E-9BEC-2823C61553C1}.Release|x64.ActiveCfg = Release|x64
		{D4423C61-1DD6-4B7E-9BEC-2823C61553C1}.Release|x64.Build.0 = Release|x64
		{D4423C61-1DD6-4B7E-9BEC-2823C61553C1}.Release|x86.ActiveCfg = Release|Win32
		{D4423C61-1DD6-4B7E-9BEC-2823C61553C1}.Release|x86.Build.0 = Release|Win32
	EndGlobalSection
	GlobalSection(SolutionProperties) = preSolution
		HideSolutionNode = FALSE
	EndGlobalSection
	GlobalSection(ExtensibilityGlobals) = postSolution
		SolutionGuid = {32215129-569E-45C5-B019-AB03242E4AD3}
	EndGlobalSection
EndGlobal
