
Microsoft Visual Studio Solution File, Format Version 12.00
# Visual Studio Version 17
VisualStudioVersion = 17.7.34024.191
MinimumVisualStudioVersion = 10.0.40219.1
Project("{8BC9CEB8-8B4A-11D0-8D11-00A0C91BC942}") = "laba4-2", "laba4-2\laba4-2.vcxproj", "{7D4443AC-D008-4807-A160-1F34BCF7769D}"
EndProject
Project("{8BC9CEB8-8B4A-11D0-8D11-00A0C91BC942}") = "laba4Switch", "laba4Switch\laba4Switch.vcxproj", "{87EBAB3D-D91F-4501-8FB5-2B43AA7A2817}"
EndProject
Project("{8BC9CEB8-8B4A-11D0-8D11-00A0C91BC942}") = "laba4-l1", "laba4-l1\laba4-l1.vcxproj", "{790D6BD9-0C96-43F8-9EFD-9962AFA39917}"
EndProject
Project("{8BC9CEB8-8B4A-11D0-8D11-00A0C91BC942}") = "labaa4-dop5", "labaa4-dop5\labaa4-dop5.vcxproj", "{5D5ACF1D-8224-4E46-9598-3DDCCC3FF0A7}"
EndProject
Project("{8BC9CEB8-8B4A-11D0-8D11-00A0C91BC942}") = "labaa4-dop6", "labaa4-dop6\labaa4-dop6.vcxproj", "{E115D457-D50E-476E-8E0C-6019CFCF0043}"
EndProject
Project("{8BC9CEB8-8B4A-11D0-8D11-00A0C91BC942}") = "labaa4-dop1", "labaa4-dop1\labaa4-dop1.vcxproj", "{4BB2645C-38D9-4551-AAC4-28BC3E68E804}"
EndProject
Global
	GlobalSection(SolutionConfigurationPlatforms) = preSolution
		Debug|x64 = Debug|x64
		Debug|x86 = Debug|x86
		Release|x64 = Release|x64
		Release|x86 = Release|x86
	EndGlobalSection
	GlobalSection(ProjectConfigurationPlatforms) = postSolution
		{7D4443AC-D008-4807-A160-1F34BCF7769D}.Debug|x64.ActiveCfg = Debug|x64
		{7D4443AC-D008-4807-A160-1F34BCF7769D}.Debug|x64.Build.0 = Debug|x64
		{7D4443AC-D008-4807-A160-1F34BCF7769D}.Debug|x86.ActiveCfg = Debug|Win32
		{7D4443AC-D008-4807-A160-1F34BCF7769D}.Debug|x86.Build.0 = Debug|Win32
		{7D4443AC-D008-4807-A160-1F34BCF7769D}.Release|x64.ActiveCfg = Release|x64
		{7D4443AC-D008-4807-A160-1F34BCF7769D}.Release|x64.Build.0 = Release|x64
		{7D4443AC-D008-4807-A160-1F34BCF7769D}.Release|x86.ActiveCfg = Release|Win32
		{7D4443AC-D008-4807-A160-1F34BCF7769D}.Release|x86.Build.0 = Release|Win32
		{87EBAB3D-D91F-4501-8FB5-2B43AA7A2817}.Debug|x64.ActiveCfg = Debug|x64
		{87EBAB3D-D91F-4501-8FB5-2B43AA7A2817}.Debug|x64.Build.0 = Debug|x64
		{87EBAB3D-D91F-4501-8FB5-2B43AA7A2817}.Debug|x86.ActiveCfg = Debug|Win32
		{87EBAB3D-D91F-4501-8FB5-2B43AA7A2817}.Debug|x86.Build.0 = Debug|Win32
		{87EBAB3D-D91F-4501-8FB5-2B43AA7A2817}.Release|x64.ActiveCfg = Release|x64
		{87EBAB3D-D91F-4501-8FB5-2B43AA7A2817}.Release|x64.Build.0 = Release|x64
		{87EBAB3D-D91F-4501-8FB5-2B43AA7A2817}.Release|x86.ActiveCfg = Release|Win32
		{87EBAB3D-D91F-4501-8FB5-2B43AA7A2817}.Release|x86.Build.0 = Release|Win32
		{790D6BD9-0C96-43F8-9EFD-9962AFA39917}.Debug|x64.ActiveCfg = Debug|x64
		{790D6BD9-0C96-43F8-9EFD-9962AFA39917}.Debug|x64.Build.0 = Debug|x64
		{790D6BD9-0C96-43F8-9EFD-9962AFA39917}.Debug|x86.ActiveCfg = Debug|Win32
		{790D6BD9-0C96-43F8-9EFD-9962AFA39917}.Debug|x86.Build.0 = Debug|Win32
		{790D6BD9-0C96-43F8-9EFD-9962AFA39917}.Release|x64.ActiveCfg = Release|x64
		{790D6BD9-0C96-43F8-9EFD-9962AFA39917}.Release|x64.Build.0 = Release|x64
		{790D6BD9-0C96-43F8-9EFD-9962AFA39917}.Release|x86.ActiveCfg = Release|Win32
		{790D6BD9-0C96-43F8-9EFD-9962AFA39917}.Release|x86.Build.0 = Release|Win32
		{5D5ACF1D-8224-4E46-9598-3DDCCC3FF0A7}.Debug|x64.ActiveCfg = Debug|x64
		{5D5ACF1D-8224-4E46-9598-3DDCCC3FF0A7}.Debug|x64.Build.0 = Debug|x64
		{5D5ACF1D-8224-4E46-9598-3DDCCC3FF0A7}.Debug|x86.ActiveCfg = Debug|Win32
		{5D5ACF1D-8224-4E46-9598-3DDCCC3FF0A7}.Debug|x86.Build.0 = Debug|Win32
		{5D5ACF1D-8224-4E46-9598-3DDCCC3FF0A7}.Release|x64.ActiveCfg = Release|x64
		{5D5ACF1D-8224-4E46-9598-3DDCCC3FF0A7}.Release|x64.Build.0 = Release|x64
		{5D5ACF1D-8224-4E46-9598-3DDCCC3FF0A7}.Release|x86.ActiveCfg = Release|Win32
		{5D5ACF1D-8224-4E46-9598-3DDCCC3FF0A7}.Release|x86.Build.0 = Release|Win32
		{E115D457-D50E-476E-8E0C-6019CFCF0043}.Debug|x64.ActiveCfg = Debug|x64
		{E115D457-D50E-476E-8E0C-6019CFCF0043}.Debug|x64.Build.0 = Debug|x64
		{E115D457-D50E-476E-8E0C-6019CFCF0043}.Debug|x86.ActiveCfg = Debug|Win32
		{E115D457-D50E-476E-8E0C-6019CFCF0043}.Debug|x86.Build.0 = Debug|Win32
		{E115D457-D50E-476E-8E0C-6019CFCF0043}.Release|x64.ActiveCfg = Release|x64
		{E115D457-D50E-476E-8E0C-6019CFCF0043}.Release|x64.Build.0 = Release|x64
		{E115D457-D50E-476E-8E0C-6019CFCF0043}.Release|x86.ActiveCfg = Release|Win32
		{E115D457-D50E-476E-8E0C-6019CFCF0043}.Release|x86.Build.0 = Release|Win32
		{4BB2645C-38D9-4551-AAC4-28BC3E68E804}.Debug|x64.ActiveCfg = Debug|x64
		{4BB2645C-38D9-4551-AAC4-28BC3E68E804}.Debug|x64.Build.0 = Debug|x64
		{4BB2645C-38D9-4551-AAC4-28BC3E68E804}.Debug|x86.ActiveCfg = Debug|Win32
		{4BB2645C-38D9-4551-AAC4-28BC3E68E804}.Debug|x86.Build.0 = Debug|Win32
		{4BB2645C-38D9-4551-AAC4-28BC3E68E804}.Release|x64.ActiveCfg = Release|x64
		{4BB2645C-38D9-4551-AAC4-28BC3E68E804}.Release|x64.Build.0 = Release|x64
		{4BB2645C-38D9-4551-AAC4-28BC3E68E804}.Release|x86.ActiveCfg = Release|Win32
		{4BB2645C-38D9-4551-AAC4-28BC3E68E804}.Release|x86.Build.0 = Release|Win32
	EndGlobalSection
	GlobalSection(SolutionProperties) = preSolution
		HideSolutionNode = FALSE
	EndGlobalSection
	GlobalSection(ExtensibilityGlobals) = postSolution
		SolutionGuid = {C8D7D741-F0EB-4056-B2AE-33B0A717687C}
	EndGlobalSection
EndGlobal
