
Microsoft Visual Studio Solution File, Format Version 12.00
# Visual Studio Version 17
VisualStudioVersion = 17.7.34024.191
MinimumVisualStudioVersion = 10.0.40219.1
Project("{8BC9CEB8-8B4A-11D0-8D11-00A0C91BC942}") = "labaa17", "labaa17\labaa17.vcxproj", "{44D6CF30-B4FE-4E47-B4DE-2BBC4F5A024F}"
EndProject
Project("{8BC9CEB8-8B4A-11D0-8D11-00A0C91BC942}") = "labaa17-2", "labaa17-2\labaa17-2.vcxproj", "{BB1140E7-6653-41CE-B190-7A885A0B308B}"
EndProject
Global
	GlobalSection(SolutionConfigurationPlatforms) = preSolution
		Debug|x64 = Debug|x64
		Debug|x86 = Debug|x86
		Release|x64 = Release|x64
		Release|x86 = Release|x86
	EndGlobalSection
	GlobalSection(ProjectConfigurationPlatforms) = postSolution
		{44D6CF30-B4FE-4E47-B4DE-2BBC4F5A024F}.Debug|x64.ActiveCfg = Debug|x64
		{44D6CF30-B4FE-4E47-B4DE-2BBC4F5A024F}.Debug|x64.Build.0 = Debug|x64
		{44D6CF30-B4FE-4E47-B4DE-2BBC4F5A024F}.Debug|x86.ActiveCfg = Debug|Win32
		{44D6CF30-B4FE-4E47-B4DE-2BBC4F5A024F}.Debug|x86.Build.0 = Debug|Win32
		{44D6CF30-B4FE-4E47-B4DE-2BBC4F5A024F}.Release|x64.ActiveCfg = Release|x64
		{44D6CF30-B4FE-4E47-B4DE-2BBC4F5A024F}.Release|x64.Build.0 = Release|x64
		{44D6CF30-B4FE-4E47-B4DE-2BBC4F5A024F}.Release|x86.ActiveCfg = Release|Win32
		{44D6CF30-B4FE-4E47-B4DE-2BBC4F5A024F}.Release|x86.Build.0 = Release|Win32
		{BB1140E7-6653-41CE-B190-7A885A0B308B}.Debug|x64.ActiveCfg = Debug|x64
		{BB1140E7-6653-41CE-B190-7A885A0B308B}.Debug|x64.Build.0 = Debug|x64
		{BB1140E7-6653-41CE-B190-7A885A0B308B}.Debug|x86.ActiveCfg = Debug|Win32
		{BB1140E7-6653-41CE-B190-7A885A0B308B}.Debug|x86.Build.0 = Debug|Win32
		{BB1140E7-6653-41CE-B190-7A885A0B308B}.Release|x64.ActiveCfg = Release|x64
		{BB1140E7-6653-41CE-B190-7A885A0B308B}.Release|x64.Build.0 = Release|x64
		{BB1140E7-6653-41CE-B190-7A885A0B308B}.Release|x86.ActiveCfg = Release|Win32
		{BB1140E7-6653-41CE-B190-7A885A0B308B}.Release|x86.Build.0 = Release|Win32
	EndGlobalSection
	GlobalSection(SolutionProperties) = preSolution
		HideSolutionNode = FALSE
	EndGlobalSection
	GlobalSection(ExtensibilityGlobals) = postSolution
		SolutionGuid = {5D5DE287-480A-450F-A4BC-57AFE9C3ED52}
	EndGlobalSection
EndGlobal
